
Microsoft Visual Studio Solution File, Format Version 12.00
# Visual Studio Version 17
VisualStudioVersion = 17.8.34330.188
MinimumVisualStudioVersion = 10.0.40219.1
Project("{9A19103F-16F7-4668-BE54-9A1E7A4F7556}") = "QuizAPI", "QuizAPI\QuizAPI.csproj", "{4CD2251C-6290-4A44-9222-31B3B56917C1}"
EndProject
Project("{FAE04EC0-301F-11D3-BF4B-00C04F79EFBC}") = "QuizAPITest", "QuizAPITest\QuizAPITest.csproj", "{E81DEC5B-ADA7-44AD-9823-3B4B21188627}"
EndProject
Global
	GlobalSection(SolutionConfigurationPlatforms) = preSolution
		Debug|Any CPU = Debug|Any CPU
		Release|Any CPU = Release|Any CPU
	EndGlobalSection
	GlobalSection(ProjectConfigurationPlatforms) = postSolution
		{4CD2251C-6290-4A44-9222-31B3B56917C1}.Debug|Any CPU.ActiveCfg = Debug|Any CPU
		{4CD2251C-6290-4A44-9222-31B3B56917C1}.Debug|Any CPU.Build.0 = Debug|Any CPU
		{4CD2251C-6290-4A44-9222-31B3B56917C1}.Release|Any CPU.ActiveCfg = Release|Any CPU
		{4CD2251C-6290-4A44-9222-31B3B56917C1}.Release|Any CPU.Build.0 = Release|Any CPU
		{E81DEC5B-ADA7-44AD-9823-3B4B21188627}.Debug|Any CPU.ActiveCfg = Debug|Any CPU
		{E81DEC5B-ADA7-44AD-9823-3B4B21188627}.Debug|Any CPU.Build.0 = Debug|Any CPU
		{E81DEC5B-ADA7-44AD-9823-3B4B21188627}.Release|Any CPU.ActiveCfg = Release|Any CPU
		{E81DEC5B-ADA7-44AD-9823-3B4B21188627}.Release|Any CPU.Build.0 = Release|Any CPU
	EndGlobalSection
	GlobalSection(SolutionProperties) = preSolution
		HideSolutionNode = FALSE
	EndGlobalSection
	GlobalSection(ExtensibilityGlobals) = postSolution
		SolutionGuid = {46213B32-D6C8-48D6-AEF9-1EAAEA37EC6D}
	EndGlobalSection
EndGlobal
